// !$*UTF8*$!
{
	archiveVersion = 1;
	classes = {
	};
	objectVersion = 48;
	objects = {

/* Begin PBXBuildFile section */
		1378D2AF1FCF8209005B7D88 /* AppDelegate.swift in Sources */ = {isa = PBXBuildFile; fileRef = 1378D2AE1FCF8209005B7D88 /* AppDelegate.swift */; };
		1378D2B41FCF8209005B7D88 /* Main.storyboard in Resources */ = {isa = PBXBuildFile; fileRef = 1378D2B21FCF8209005B7D88 /* Main.storyboard */; };
		1378D2B61FCF8209005B7D88 /* Assets.xcassets in Resources */ = {isa = PBXBuildFile; fileRef = 1378D2B51FCF8209005B7D88 /* Assets.xcassets */; };
		1378D2B91FCF8209005B7D88 /* LaunchScreen.storyboard in Resources */ = {isa = PBXBuildFile; fileRef = 1378D2B71FCF8209005B7D88 /* LaunchScreen.storyboard */; };
		1378D2C11FCF8716005B7D88 /* FavouritesList.swift in Sources */ = {isa = PBXBuildFile; fileRef = 1378D2C01FCF8716005B7D88 /* FavouritesList.swift */; };
/* End PBXBuildFile section */

/* Begin PBXFileReference section */
		1378D2AB1FCF8209005B7D88 /* NavigationControllers.app */ = {isa = PBXFileReference; explicitFileType = wrapper.application; includeInIndex = 0; path = NavigationControllers.app; sourceTree = BUILT_PRODUCTS_DIR; };
		1378D2AE1FCF8209005B7D88 /* AppDelegate.swift */ = {isa = PBXFileReference; lastKnownFileType = sourcecode.swift; path = AppDelegate.swift; sourceTree = "<group>"; };
		1378D2B31FCF8209005B7D88 /* Base */ = {isa = PBXFileReference; lastKnownFileType = file.storyboard; name = Base; path = Base.lproj/Main.storyboard; sourceTree = "<group>"; };
		1378D2B51FCF8209005B7D88 /* Assets.xcassets */ = {isa = PBXFileReference; lastKnownFileType = folder.assetcatalog; path = Assets.xcassets; sourceTree = "<group>"; };
		1378D2B81FCF8209005B7D88 /* Base */ = {isa = PBXFileReference; lastKnownFileType = file.storyboard; name = Base; path = Base.lproj/LaunchScreen.storyboard; sourceTree = "<group>"; };
		1378D2BA1FCF8209005B7D88 /* Info.plist */ = {isa = PBXFileReference; lastKnownFileType = text.plist.xml; path = Info.plist; sourceTree = "<group>"; };
		1378D2C01FCF8716005B7D88 /* FavouritesList.swift */ = {isa = PBXFileReference; lastKnownFileType = sourcecode.swift; path = FavouritesList.swift; sourceTree = "<group>"; };
/* End PBXFileReference section */

/* Begin PBXFrameworksBuildPhase section */
		1378D2A81FCF8209005B7D88 /* Frameworks */ = {
			isa = PBXFrameworksBuildPhase;
			buildActionMask = 2147483647;
			files = (
			);
			runOnlyForDeploymentPostprocessing = 0;
		};
/* End PBXFrameworksBuildPhase section */

/* Begin PBXGroup section */
		1378D2A21FCF8209005B7D88 = {
			isa = PBXGroup;
			children = (
				1378D2AD1FCF8209005B7D88 /* NavigationControllers */,
				1378D2AC1FCF8209005B7D88 /* Products */,
			);
			sourceTree = "<group>";
		};
		1378D2AC1FCF8209005B7D88 /* Products */ = {
			isa = PBXGroup;
			children = (
				1378D2AB1FCF8209005B7D88 /* NavigationControllers.app */,
			);
			name = Products;
			sourceTree = "<group>";
		};
		1378D2AD1FCF8209005B7D88 /* NavigationControllers */ = {
			isa = PBXGroup;
			children = (
				1378D2AE1FCF8209005B7D88 /* AppDelegate.swift */,
				1378D2B21FCF8209005B7D88 /* Main.storyboard */,
				1378D2B51FCF8209005B7D88 /* Assets.xcassets */,
				1378D2B71FCF8209005B7D88 /* LaunchScreen.storyboard */,
				1378D2BA1FCF8209005B7D88 /* Info.plist */,
				1378D2C01FCF8716005B7D88 /* FavouritesList.swift */,
			);
			path = NavigationControllers;
			sourceTree = "<group>";
		};
/* End PBXGroup section */

/* Begin PBXNativeTarget section */
		1378D2AA1FCF8209005B7D88 /* NavigationControllers */ = {
			isa = PBXNativeTarget;
			buildConfigurationList = 1378D2BD1FCF8209005B7D88 /* Build configuration list for PBXNativeTarget "NavigationControllers" */;
			buildPhases = (
				1378D2A71FCF8209005B7D88 /* Sources */,
				1378D2A81FCF8209005B7D88 /* Frameworks */,
				1378D2A91FCF8209005B7D88 /* Resources */,
			);
			buildRules = (
			);
			dependencies = (
			);
			name = NavigationControllers;
			productName = NavigationControllers;
			productReference = 1378D2AB1FCF8209005B7D88 /* NavigationControllers.app */;
			productType = "com.apple.product-type.application";
		};
/* End PBXNativeTarget section */

/* Begin PBXProject section */
		1378D2A31FCF8209005B7D88 /* Project object */ = {
			isa = PBXProject;
			attributes = {
				LastSwiftUpdateCheck = 0910;
				LastUpgradeCheck = 0910;
				ORGANIZATIONNAME = Centennial;
				TargetAttributes = {
					1378D2AA1FCF8209005B7D88 = {
						CreatedOnToolsVersion = 9.1;
						ProvisioningStyle = Automatic;
					};
				};
			};
			buildConfigurationList = 1378D2A61FCF8209005B7D88 /* Build configuration list for PBXProject "NavigationControllers" */;
			compatibilityVersion = "Xcode 8.0";
			developmentRegion = en;
			hasScannedForEncodings = 0;
			knownRegions = (
				en,
				Base,
			);
			mainGroup = 1378D2A21FCF8209005B7D88;
			productRefGroup = 1378D2AC1FCF8209005B7D88 /* Products */;
			projectDirPath = "";
			projectRoot = "";
			targets = (
				1378D2AA1FCF8209005B7D88 /* NavigationControllers */,
			);
		};
/* End PBXProject section */

/* Begin PBXResourcesBuildPhase section */
		1378D2A91FCF8209005B7D88 /* Resources */ = {
			isa = PBXResourcesBuildPhase;
			buildActionMask = 2147483647;
			files = (
				1378D2B91FCF8209005B7D88 /* LaunchScreen.storyboard in Resources */,
				1378D2B61FCF8209005B7D88 /* Assets.xcassets in Resources */,
				1378D2B41FCF8209005B7D88 /* Main.storyboard in Resources */,
			);
			runOnlyForDeploymentPostprocessing = 0;
		};
/* End PBXResourcesBuildPhase section */

/* Begin PBXSourcesBuildPhase section */
		1378D2A71FCF8209005B7D88 /* Sources */ = {
			isa = PBXSourcesBuildPhase;
			buildActionMask = 2147483647;
			files = (
				1378D2C11FCF8716005B7D88 /* FavouritesList.swift in Sources */,
				1378D2AF1FCF8209005B7D88 /* AppDelegate.swift in Sources */,
			);
			runOnlyForDeploymentPostprocessing = 0;
		};
/* End PBXSourcesBuildPhase section */

/* Begin PBXVariantGroup section */
		1378D2B21FCF8209005B7D88 /* Main.storyboard */ = {
			isa = PBXVariantGroup;
			children = (
				1378D2B31FCF8209005B7D88 /* Base */,
			);
			name = Main.storyboard;
			sourceTree = "<group>";
		};
		1378D2B71FCF8209005B7D88 /* LaunchScreen.storyboard */ = {
			isa = PBXVariantGroup;
			children = (
				1378D2B81FCF8209005B7D88 /* Base */,
			);
			name = LaunchScreen.storyboard;
			sourceTree = "<group>";
		};
/* End PBXVariantGroup section */

/* Begin XCBuildConfiguration section */
		1378D2BB1FCF8209005B7D88 /* Debug */ = {
			isa = XCBuildConfiguration;
			buildSettings = {
				ALWAYS_SEARCH_USER_PATHS = NO;
				CLANG_ANALYZER_NONNULL = YES;
				CLANG_ANALYZER_NUMBER_OBJECT_CONVERSION = YES_AGGRESSIVE;
				CLANG_CXX_LANGUAGE_STANDARD = "gnu++14";
				CLANG_CXX_LIBRARY = "libc++";
				CLANG_ENABLE_MODULES = YES;
				CLANG_ENABLE_OBJC_ARC = YES;
				CLANG_WARN_BLOCK_CAPTURE_AUTORELEASING = YES;
				CLANG_WARN_BOOL_CONVERSION = YES;
				CLANG_WARN_COMMA = YES;
				CLANG_WARN_CONSTANT_CONVERSION = YES;
				CLANG_WARN_DIRECT_OBJC_ISA_USAGE = YES_ERROR;
				CLANG_WARN_DOCUMENTATION_COMMENTS = YES;
				CLANG_WARN_EMPTY_BODY = YES;
				CLANG_WARN_ENUM_CONVERSION = YES;
				CLANG_WARN_INFINITE_RECURSION = YES;
				CLANG_WARN_INT_CONVERSION = YES;
				CLANG_WARN_NON_LITERAL_NULL_CONVERSION = YES;
				CLANG_WARN_OBJC_LITERAL_CONVERSION = YES;
				CLANG_WARN_OBJC_ROOT_CLASS = YES_ERROR;
				CLANG_WARN_RANGE_LOOP_ANALYSIS = YES;
				CLANG_WARN_STRICT_PROTOTYPES = YES;
				CLANG_WARN_SUSPICIOUS_MOVE = YES;
				CLANG_WARN_UNGUARDED_AVAILABILITY = YES_AGGRESSIVE;
				CLANG_WARN_UNREACHABLE_CODE = YES;
				CLANG_WARN__DUPLICATE_METHOD_MATCH = YES;
				CODE_SIGN_IDENTITY = "iPhone Developer";
				COPY_PHASE_STRIP = NO;
				DEBUG_INFORMATION_FORMAT = dwarf;
				ENABLE_STRICT_OBJC_MSGSEND = YES;
				ENABLE_TESTABILITY = YES;
				GCC_C_LANGUAGE_STANDARD = gnu11;
				GCC_DYNAMIC_NO_PIC = NO;
				GCC_NO_COMMON_BLOCKS = YES;
				GCC_OPTIMIZATION_LEVEL = 0;
				GCC_PREPROCESSOR_DEFINITIONS = (
					"DEBUG=1",
					"$(inherited)",
				);
				GCC_WARN_64_TO_32_BIT_CONVERSION = YES;
				GCC_WARN_ABOUT_RETURN_TYPE = YES_ERROR;
				GCC_WARN_UNDECLARED_SELECTOR = YES;
				GCC_WARN_UNINITIALIZED_AUTOS = YES_AGGRESSIVE;
				GCC_WARN_UNUSED_FUNCTION = YES;
				GCC_WARN_UNUSED_VARIABLE = YES;
				IPHONEOS_DEPLOYMENT_TARGET = 11.1;
				MTL_ENABLE_DEBUG_INFO = YES;
				ONLY_ACTIVE_ARCH = YES;
				SDKROOT = iphoneos;
				SWIFT_ACTIVE_COMPILATION_CONDITIONS = DEBUG;
				SWIFT_OPTIMIZATION_LEVEL = "-Onone";
			};
			name = Debug;
		};
		1378D2BC1FCF8209005B7D88 /* Release */ = {
			isa = XCBuildConfiguration;
			buildSettings = {
				ALWAYS_SEARCH_USER_PATHS = NO;
				CLANG_ANALYZER_NONNULL = YES;
				CLANG_ANALYZER_NUMBER_OBJECT_CONVERSION = YES_AGGRESSIVE;
				CLANG_CXX_LANGUAGE_STANDARD = "gnu++14";
				CLANG_CXX_LIBRARY = "libc++";
				CLANG_ENABLE_MODULES = YES;
				CLANG_ENABLE_OBJC_ARC = YES;
				CLANG_WARN_BLOCK_CAPTURE_AUTORELEASING = YES;
				CLANG_WARN_BOOL_CONVERSION = YES;
				CLANG_WARN_COMMA = YES;
				CLANG_WARN_CONSTANT_CONVERSION = YES;
				CLANG_WARN_DIRECT_OBJC_ISA_USAGE = YES_ERROR;
				CLANG_WARN_DOCUMENTATION_COMMENTS = YES;
				CLANG_WARN_EMPTY_BODY = YES;
				CLANG_WARN_ENUM_CONVERSION = YES;
				CLANG_WARN_INFINITE_RECURSION = YES;
				CLANG_WARN_INT_CONVERSION = YES;
				CLANG_WARN_NON_LITERAL_NULL_CONVERSION = YES;
				CLANG_WARN_OBJC_LITERAL_CONVERSION = YES;
				CLANG_WARN_OBJC_ROOT_CLASS = YES_ERROR;
				CLANG_WARN_RANGE_LOOP_ANALYSIS = YES;
				CLANG_WARN_STRICT_PROTOTYPES = YES;
				CLANG_WARN_SUSPICIOUS_MOVE = YES;
				CLANG_WARN_UNGUARDED_AVAILABILITY = YES_AGGRESSIVE;
				CLANG_WARN_UNREACHABLE_CODE = YES;
				CLANG_WARN__DUPLICATE_METHOD_MATCH = YES;
				CODE_SIGN_IDENTITY = "iPhone Developer";
				COPY_PHASE_STRIP = NO;
				DEBUG_INFORMATION_FORMAT = "dwarf-with-dsym";
				ENABLE_NS_ASSERTIONS = NO;
				ENABLE_STRICT_OBJC_MSGSEND = YES;
				GCC_C_LANGUAGE_STANDARD = gnu11;
				GCC_NO_COMMON_BLOCKS = YES;
				GCC_WARN_64_TO_32_BIT_CONVERSION = YES;
				GCC_WARN_ABOUT_RETURN_TYPE = YES_ERROR;
				GCC_WARN_UNDECLARED_SELECTOR = YES;
				GCC_WARN_UNINITIALIZED_AUTOS = YES_AGGRESSIVE;
				GCC_WARN_UNUSED_FUNCTION = YES;
				GCC_WARN_UNUSED_VARIABLE = YES;
				IPHONEOS_DEPLOYMENT_TARGET = 11.1;
				MTL_ENABLE_DEBUG_INFO = NO;
				SDKROOT = iphoneos;
				SWIFT_OPTIMIZATION_LEVEL = "-Owholemodule";
				VALIDATE_PRODUCT = YES;
			};
			name = Release;
		};
		1378D2BE1FCF8209005B7D88 /* Debug */ = {
			isa = XCBuildConfiguration;
			buildSettings = {
				ASSETCATALOG_COMPILER_APPICON_NAME = AppIcon;
				CODE_SIGN_STYLE = Automatic;
				DEVELOPMENT_TEAM = 2BULHRS882;
				INFOPLIST_FILE = NavigationControllers/Info.plist;
				LD_RUNPATH_SEARCH_PATHS = "$(inherited) @executable_path/Frameworks";
				PRODUCT_BUNDLE_IDENTIFIER = ca.centennialcollege.NavigationControllers;
				PRODUCT_NAME = "$(TARGET_NAME)";
				SWIFT_VERSION = 4.0;
				TARGETED_DEVICE_FAMILY = "1,2";
			};
			name = Debug;
		};
		1378D2BF1FCF8209005B7D88 /* Release */ = {
			isa = XCBuildConfiguration;
			buildSettings = {
				ASSETCATALOG_COMPILER_APPICON_NAME = AppIcon;
				CODE_SIGN_STYLE = Automatic;
				DEVELOPMENT_TEAM = 2BULHRS882;
				INFOPLIST_FILE = NavigationControllers/Info.plist;
				LD_RUNPATH_SEARCH_PATHS = "$(inherited) @executable_path/Frameworks";
				PRODUCT_BUNDLE_IDENTIFIER = ca.centennialcollege.NavigationControllers;
				PRODUCT_NAME = "$(TARGET_NAME)";
				SWIFT_VERSION = 4.0;
				TARGETED_DEVICE_FAMILY = "1,2";
			};
			name = Release;
		};
/* End XCBuildConfiguration section */

/* Begin XCConfigurationList section */
		1378D2A61FCF8209005B7D88 /* Build configuration list for PBXProject "NavigationControllers" */ = {
			isa = XCConfigurationList;
			buildConfigurations = (
				1378D2BB1FCF8209005B7D88 /* Debug */,
				1378D2BC1FCF8209005B7D88 /* Release */,
			);
			defaultConfigurationIsVisible = 0;
			defaultConfigurationName = Release;
		};
		1378D2BD1FCF8209005B7D88 /* Build configuration list for PBXNativeTarget "NavigationControllers" */ = {
			isa = XCConfigurationList;
			buildConfigurations = (
				1378D2BE1FCF8209005B7D88 /* Debug */,
				1378D2BF1FCF8209005B7D88 /* Release */,
			);
			defaultConfigurationIsVisible = 0;
			defaultConfigurationName = Release;
		};
/* End XCConfigurationList section */
	};
	rootObject = 1378D2A31FCF8209005B7D88 /* Project object */;
}
